Microsoft Visual Studio Solution File, Format Version 11.00
# Visual Studio 2008

Project("{A58F3A97-EBE1-2E3A-6444-DF72B4DF46A1}") = "Quaternions & Rotations Demo", "Assembly-CSharp.csproj", "{7FE1CEED-CFD5-3BD9-EB87-3601D267E187}"
EndProject
Global
	GlobalSection(SolutionConfigurationPlatforms) = preSolution
		Debug|Any CPU = Debug|Any CPU
		Release|Any CPU = Release|Any CPU
	EndGlobalSection
	GlobalSection(ProjectConfigurationPlatforms) = postSolution
		{7FE1CEED-CFD5-3BD9-EB87-3601D267E187}.Debug|Any CPU.ActiveCfg = Debug|Any CPU
		{7FE1CEED-CFD5-3BD9-EB87-3601D267E187}.Debug|Any CPU.Build.0 = Debug|Any CPU
		{7FE1CEED-CFD5-3BD9-EB87-3601D267E187}.Release|Any CPU.ActiveCfg = Release|Any CPU
		{7FE1CEED-CFD5-3BD9-EB87-3601D267E187}.Release|Any CPU.Build.0 = Release|Any CPU
	EndGlobalSection
	GlobalSection(SolutionProperties) = preSolution
		HideSolutionNode = FALSE
	EndGlobalSection
	GlobalSection(MonoDevelopProperties) = preSolution
		StartupItem = Assembly-CSharp.csproj
	EndGlobalSection
EndGlobal
